
Microsoft Visual Studio Solution File, Format Version 12.00
# Visual Studio Version 17
VisualStudioVersion = 17.14.37111.16 d17.14
MinimumVisualStudioVersion = 10.0.40219.1
Project("{FAE04EC0-301F-11D3-BF4B-00C04F79EFBC}") = "Devmaster.Internship.Csharp.Tvc", "Devmaster.Internship.Csharp.Tvc\Devmaster.Internship.Csharp.Tvc.csproj", "{B2F42D2D-D73A-49FB-9823-45A1F6365E24}"
EndProject
Global
	GlobalSection(SolutionConfigurationPlatforms) = preSolution
		Debug|Any CPU = Debug|Any CPU
		Release|Any CPU = Release|Any CPU
	EndGlobalSection
	GlobalSection(ProjectConfigurationPlatforms) = postSolution
		{B2F42D2D-D73A-49FB-9823-45A1F6365E24}.Debug|Any CPU.ActiveCfg = Debug|Any CPU
		{B2F42D2D-D73A-49FB-9823-45A1F6365E24}.Debug|Any CPU.Build.0 = Debug|Any CPU
		{B2F42D2D-D73A-49FB-9823-45A1F6365E24}.Release|Any CPU.ActiveCfg = Release|Any CPU
		{B2F42D2D-D73A-49FB-9823-45A1F6365E24}.Release|Any CPU.Build.0 = Release|Any CPU
	EndGlobalSection
	GlobalSection(SolutionProperties) = preSolution
		HideSolutionNode = FALSE
	EndGlobalSection
	GlobalSection(ExtensibilityGlobals) = postSolution
		SolutionGuid = {F9C66CF3-4E3A-4562-847B-D397C3EBEBE0}
	EndGlobalSection
EndGlobal
